
Microsoft Visual Studio Solution File, Format Version 12.00
# Visual Studio Version 17
VisualStudioVersion = 17.9.34607.119
MinimumVisualStudioVersion = 10.0.40219.1
Project("{FAE04EC0-301F-11D3-BF4B-00C04F79EFBC}") = "MassTransit.InMemory", "MassTransit.InMemory\MassTransit.InMemory.csproj", "{72D0A8BF-239C-4E5B-BD64-76DA8112771B}"
EndProject
Global
	GlobalSection(SolutionConfigurationPlatforms) = preSolution
		Debug|Any CPU = Debug|Any CPU
		Release|Any CPU = Release|Any CPU
	EndGlobalSection
	GlobalSection(ProjectConfigurationPlatforms) = postSolution
		{72D0A8BF-239C-4E5B-BD64-76DA8112771B}.Debug|Any CPU.ActiveCfg = Debug|Any CPU
		{72D0A8BF-239C-4E5B-BD64-76DA8112771B}.Debug|Any CPU.Build.0 = Debug|Any CPU
		{72D0A8BF-239C-4E5B-BD64-76DA8112771B}.Release|Any CPU.ActiveCfg = Release|Any CPU
		{72D0A8BF-239C-4E5B-BD64-76DA8112771B}.Release|Any CPU.Build.0 = Release|Any CPU
	EndGlobalSection
	GlobalSection(SolutionProperties) = preSolution
		HideSolutionNode = FALSE
	EndGlobalSection
	GlobalSection(ExtensibilityGlobals) = postSolution
		SolutionGuid = {F28F8AAA-FF8A-4F81-894C-707545F1BF35}
	EndGlobalSection
EndGlobal
